
Microsoft Visual Studio Solution File, Format Version 12.00
# Visual Studio 15
VisualStudioVersion = 15.0.26430.12
MinimumVisualStudioVersion = 10.0.40219.1
Project("{FAE04EC0-301F-11D3-BF4B-00C04F79EFBC}") = "Microsoft.HealthVault.Fhir", "Microsoft.HealthVault.Fhir\Microsoft.HealthVault.Fhir.csproj", "{A1D4D196-C91C-4B70-A413-E715A8143BF9}"
EndProject
Project("{FAE04EC0-301F-11D3-BF4B-00C04F79EFBC}") = "Microsoft.HealthVault.Fhir.UnitTests", "Microsoft.HealthVault.Fhir.UnitTests\Microsoft.HealthVault.Fhir.UnitTests.csproj", "{A0B6CA91-6DCC-429B-86C9-30CE91229817}"
EndProject
Global
	GlobalSection(SolutionConfigurationPlatforms) = preSolution
		Debug|Any CPU = Debug|Any CPU
		Release|Any CPU = Release|Any CPU
	EndGlobalSection
	GlobalSection(ProjectConfigurationPlatforms) = postSolution
		{A1D4D196-C91C-4B70-A413-E715A8143BF9}.Debug|Any CPU.ActiveCfg = Debug|Any CPU
		{A1D4D196-C91C-4B70-A413-E715A8143BF9}.Debug|Any CPU.Build.0 = Debug|Any CPU
		{A1D4D196-C91C-4B70-A413-E715A8143BF9}.Release|Any CPU.ActiveCfg = Release|Any CPU
		{A1D4D196-C91C-4B70-A413-E715A8143BF9}.Release|Any CPU.Build.0 = Release|Any CPU
		{A0B6CA91-6DCC-429B-86C9-30CE91229817}.Debug|Any CPU.ActiveCfg = Debug|Any CPU
		{A0B6CA91-6DCC-429B-86C9-30CE91229817}.Debug|Any CPU.Build.0 = Debug|Any CPU
		{A0B6CA91-6DCC-429B-86C9-30CE91229817}.Release|Any CPU.ActiveCfg = Release|Any CPU
		{A0B6CA91-6DCC-429B-86C9-30CE91229817}.Release|Any CPU.Build.0 = Release|Any CPU
	EndGlobalSection
	GlobalSection(SolutionProperties) = preSolution
		HideSolutionNode = FALSE
	EndGlobalSection
EndGlobal
